// !$*UTF8*$!
{
	archiveVersion = 1;
	classes = {
	};
	objectVersion = 50;
	objects = {

/* Begin PBXBuildFile section */
		3F4A0E3523A6A575004C2F26 /* AppDelegate.swift in Sources */ = {isa = PBXBuildFile; fileRef = 3F4A0E3423A6A575004C2F26 /* AppDelegate.swift */; };
		3F4A0E3723A6A575004C2F26 /* SceneDelegate.swift in Sources */ = {isa = PBXBuildFile; fileRef = 3F4A0E3623A6A575004C2F26 /* SceneDelegate.swift */; };
		3F4A0E3923A6A575004C2F26 /* ViewController.swift in Sources */ = {isa = PBXBuildFile; fileRef = 3F4A0E3823A6A575004C2F26 /* ViewController.swift */; };
		3F4A0E3C23A6A575004C2F26 /* Main.storyboard in Resources */ = {isa = PBXBuildFile; fileRef = 3F4A0E3A23A6A575004C2F26 /* Main.storyboard */; };
		3F4A0E3F23A6A575004C2F26 /* CollectionView.xcdatamodeld in Sources */ = {isa = PBXBuildFile; fileRef = 3F4A0E3D23A6A575004C2F26 /* CollectionView.xcdatamodeld */; };
		3F4A0E4123A6A577004C2F26 /* Assets.xcassets in Resources */ = {isa = PBXBuildFile; fileRef = 3F4A0E4023A6A577004C2F26 /* Assets.xcassets */; };
		3F4A0E4423A6A577004C2F26 /* LaunchScreen.storyboard in Resources */ = {isa = PBXBuildFile; fileRef = 3F4A0E4223A6A577004C2F26 /* LaunchScreen.storyboard */; };
		3F4A0E4C23A6ADDD004C2F26 /* DetailViewController.swift in Sources */ = {isa = PBXBuildFile; fileRef = 3F4A0E4B23A6ADDD004C2F26 /* DetailViewController.swift */; };
		3F4A0E4E23A6B4FB004C2F26 /* CollectionViewCell.swift in Sources */ = {isa = PBXBuildFile; fileRef = 3F4A0E4D23A6B4FB004C2F26 /* CollectionViewCell.swift */; };
/* End PBXBuildFile section */

/* Begin PBXFileReference section */
		3F4A0E3123A6A575004C2F26 /* Parks.app */ = {isa = PBXFileReference; explicitFileType = wrapper.application; includeInIndex = 0; path = Parks.app; sourceTree = BUILT_PRODUCTS_DIR; };
		3F4A0E3423A6A575004C2F26 /* AppDelegate.swift */ = {isa = PBXFileReference; lastKnownFileType = sourcecode.swift; path = AppDelegate.swift; sourceTree = "<group>"; };
		3F4A0E3623A6A575004C2F26 /* SceneDelegate.swift */ = {isa = PBXFileReference; lastKnownFileType = sourcecode.swift; path = SceneDelegate.swift; sourceTree = "<group>"; };
		3F4A0E3823A6A575004C2F26 /* ViewController.swift */ = {isa = PBXFileReference; lastKnownFileType = sourcecode.swift; path = ViewController.swift; sourceTree = "<group>"; };
		3F4A0E3B23A6A575004C2F26 /* Base */ = {isa = PBXFileReference; lastKnownFileType = file.storyboard; name = Base; path = Base.lproj/Main.storyboard; sourceTree = "<group>"; };
		3F4A0E3E23A6A575004C2F26 /* CollectionView.xcdatamodel */ = {isa = PBXFileReference; lastKnownFileType = wrapper.xcdatamodel; path = CollectionView.xcdatamodel; sourceTree = "<group>"; };
		3F4A0E4023A6A577004C2F26 /* Assets.xcassets */ = {isa = PBXFileReference; lastKnownFileType = folder.assetcatalog; path = Assets.xcassets; sourceTree = "<group>"; };
		3F4A0E4323A6A577004C2F26 /* Base */ = {isa = PBXFileReference; lastKnownFileType = file.storyboard; name = Base; path = Base.lproj/LaunchScreen.storyboard; sourceTree = "<group>"; };
		3F4A0E4523A6A577004C2F26 /* Info.plist */ = {isa = PBXFileReference; lastKnownFileType = text.plist.xml; path = Info.plist; sourceTree = "<group>"; };
		3F4A0E4B23A6ADDD004C2F26 /* DetailViewController.swift */ = {isa = PBXFileReference; lastKnownFileType = sourcecode.swift; path = DetailViewController.swift; sourceTree = "<group>"; };
		3F4A0E4D23A6B4FB004C2F26 /* CollectionViewCell.swift */ = {isa = PBXFileReference; lastKnownFileType = sourcecode.swift; path = CollectionViewCell.swift; sourceTree = "<group>"; };
/* End PBXFileReference section */

/* Begin PBXFrameworksBuildPhase section */
		3F4A0E2E23A6A575004C2F26 /* Frameworks */ = {
			isa = PBXFrameworksBuildPhase;
			buildActionMask = 2147483647;
			files = (
			);
			runOnlyForDeploymentPostprocessing = 0;
		};
/* End PBXFrameworksBuildPhase section */

/* Begin PBXGroup section */
		3F4A0E2823A6A575004C2F26 = {
			isa = PBXGroup;
			children = (
				3F4A0E3323A6A575004C2F26 /* CollectionView */,
				3F4A0E3223A6A575004C2F26 /* Products */,
			);
			sourceTree = "<group>";
		};
		3F4A0E3223A6A575004C2F26 /* Products */ = {
			isa = PBXGroup;
			children = (
				3F4A0E3123A6A575004C2F26 /* Parks.app */,
			);
			name = Products;
			sourceTree = "<group>";
		};
		3F4A0E3323A6A575004C2F26 /* CollectionView */ = {
			isa = PBXGroup;
			children = (
				3F4A0E3423A6A575004C2F26 /* AppDelegate.swift */,
				3F4A0E3623A6A575004C2F26 /* SceneDelegate.swift */,
				3F4A0E3823A6A575004C2F26 /* ViewController.swift */,
				3F4A0E4D23A6B4FB004C2F26 /* CollectionViewCell.swift */,
				3F4A0E3A23A6A575004C2F26 /* Main.storyboard */,
				3F4A0E4B23A6ADDD004C2F26 /* DetailViewController.swift */,
				3F4A0E4023A6A577004C2F26 /* Assets.xcassets */,
				3F4A0E4223A6A577004C2F26 /* LaunchScreen.storyboard */,
				3F4A0E4523A6A577004C2F26 /* Info.plist */,
				3F4A0E3D23A6A575004C2F26 /* CollectionView.xcdatamodeld */,
			);
			path = CollectionView;
			sourceTree = "<group>";
		};
/* End PBXGroup section */

/* Begin PBXNativeTarget section */
		3F4A0E3023A6A575004C2F26 /* CollectionView */ = {
			isa = PBXNativeTarget;
			buildConfigurationList = 3F4A0E4823A6A577004C2F26 /* Build configuration list for PBXNativeTarget "CollectionView" */;
			buildPhases = (
				3F4A0E2D23A6A575004C2F26 /* Sources */,
				3F4A0E2E23A6A575004C2F26 /* Frameworks */,
				3F4A0E2F23A6A575004C2F26 /* Resources */,
			);
			buildRules = (
			);
			dependencies = (
			);
			name = CollectionView;
			productName = CollectionView;
			productReference = 3F4A0E3123A6A575004C2F26 /* Parks.app */;
			productType = "com.apple.product-type.application";
		};
/* End PBXNativeTarget section */

/* Begin PBXProject section */
		3F4A0E2923A6A575004C2F26 /* Project object */ = {
			isa = PBXProject;
			attributes = {
				LastSwiftUpdateCheck = 1120;
				LastUpgradeCheck = 1120;
				ORGANIZATIONNAME = Nasir;
				TargetAttributes = {
					3F4A0E3023A6A575004C2F26 = {
						CreatedOnToolsVersion = 11.2.1;
					};
				};
			};
			buildConfigurationList = 3F4A0E2C23A6A575004C2F26 /* Build configuration list for PBXProject "CollectionView" */;
			compatibilityVersion = "Xcode 9.3";
			developmentRegion = en;
			hasScannedForEncodings = 0;
			knownRegions = (
				en,
				Base,
			);
			mainGroup = 3F4A0E2823A6A575004C2F26;
			productRefGroup = 3F4A0E3223A6A575004C2F26 /* Products */;
			projectDirPath = "";
			projectRoot = "";
			targets = (
				3F4A0E3023A6A575004C2F26 /* CollectionView */,
			);
		};
/* End PBXProject section */

/* Begin PBXResourcesBuildPhase section */
		3F4A0E2F23A6A575004C2F26 /* Resources */ = {
			isa = PBXResourcesBuildPhase;
			buildActionMask = 2147483647;
			files = (
				3F4A0E4423A6A577004C2F26 /* LaunchScreen.storyboard in Resources */,
				3F4A0E4123A6A577004C2F26 /* Assets.xcassets in Resources */,
				3F4A0E3C23A6A575004C2F26 /* Main.storyboard in Resources */,
			);
			runOnlyForDeploymentPostprocessing = 0;
		};
/* End PBXResourcesBuildPhase section */

/* Begin PBXSourcesBuildPhase section */
		3F4A0E2D23A6A575004C2F26 /* Sources */ = {
			isa = PBXSourcesBuildPhase;
			buildActionMask = 2147483647;
			files = (
				3F4A0E3923A6A575004C2F26 /* ViewController.swift in Sources */,
				3F4A0E3523A6A575004C2F26 /* AppDelegate.swift in Sources */,
				3F4A0E4E23A6B4FB004C2F26 /* CollectionViewCell.swift in Sources */,
				3F4A0E4C23A6ADDD004C2F26 /* DetailViewController.swift in Sources */,
				3F4A0E3F23A6A575004C2F26 /* CollectionView.xcdatamodeld in Sources */,
				3F4A0E3723A6A575004C2F26 /* SceneDelegate.swift in Sources */,
			);
			runOnlyForDeploymentPostprocessing = 0;
		};
/* End PBXSourcesBuildPhase section */

/* Begin PBXVariantGroup section */
		3F4A0E3A23A6A575004C2F26 /* Main.storyboard */ = {
			isa = PBXVariantGroup;
			children = (
				3F4A0E3B23A6A575004C2F26 /* Base */,
			);
			name = Main.storyboard;
			sourceTree = "<group>";
		};
		3F4A0E4223A6A577004C2F26 /* LaunchScreen.storyboard */ = {
			isa = PBXVariantGroup;
			children = (
				3F4A0E4323A6A577004C2F26 /* Base */,
			);
			name = LaunchScreen.storyboard;
			sourceTree = "<group>";
		};
/* End PBXVariantGroup section */

/* Begin XCBuildConfiguration section */
		3F4A0E4623A6A577004C2F26 /* Debug */ = {
			isa = XCBuildConfiguration;
			buildSettings = {
				ALWAYS_SEARCH_USER_PATHS = NO;
				CLANG_ANALYZER_NONNULL = YES;
				CLANG_ANALYZER_NUMBER_OBJECT_CONVERSION = YES_AGGRESSIVE;
				CLANG_CXX_LANGUAGE_STANDARD = "gnu++14";
				CLANG_CXX_LIBRARY = "libc++";
				CLANG_ENABLE_MODULES = YES;
				CLANG_ENABLE_OBJC_ARC = YES;
				CLANG_ENABLE_OBJC_WEAK = YES;
				CLANG_WARN_BLOCK_CAPTURE_AUTORELEASING = YES;
				CLANG_WARN_BOOL_CONVERSION = YES;
				CLANG_WARN_COMMA = YES;
				CLANG_WARN_CONSTANT_CONVERSION = YES;
				CLANG_WARN_DEPRECATED_OBJC_IMPLEMENTATIONS = YES;
				CLANG_WARN_DIRECT_OBJC_ISA_USAGE = YES_ERROR;
				CLANG_WARN_DOCUMENTATION_COMMENTS = YES;
				CLANG_WARN_EMPTY_BODY = YES;
				CLANG_WARN_ENUM_CONVERSION = YES;
				CLANG_WARN_INFINITE_RECURSION = YES;
				CLANG_WARN_INT_CONVERSION = YES;
				CLANG_WARN_NON_LITERAL_NULL_CONVERSION = YES;
				CLANG_WARN_OBJC_IMPLICIT_RETAIN_SELF = YES;
				CLANG_WARN_OBJC_LITERAL_CONVERSION = YES;
				CLANG_WARN_OBJC_ROOT_CLASS = YES_ERROR;
				CLANG_WARN_RANGE_LOOP_ANALYSIS = YES;
				CLANG_WARN_STRICT_PROTOTYPES = YES;
				CLANG_WARN_SUSPICIOUS_MOVE = YES;
				CLANG_WARN_UNGUARDED_AVAILABILITY = YES_AGGRESSIVE;
				CLANG_WARN_UNREACHABLE_CODE = YES;
				CLANG_WARN__DUPLICATE_METHOD_MATCH = YES;
				COPY_PHASE_STRIP = NO;
				DEBUG_INFORMATION_FORMAT = dwarf;
				ENABLE_STRICT_OBJC_MSGSEND = YES;
				ENABLE_TESTABILITY = YES;
				GCC_C_LANGUAGE_STANDARD = gnu11;
				GCC_DYNAMIC_NO_PIC = NO;
				GCC_NO_COMMON_BLOCKS = YES;
				GCC_OPTIMIZATION_LEVEL = 0;
				GCC_PREPROCESSOR_DEFINITIONS = (
					"DEBUG=1",
					"$(inherited)",
				);
				GCC_WARN_64_TO_32_BIT_CONVERSION = YES;
				GCC_WARN_ABOUT_RETURN_TYPE = YES_ERROR;
				GCC_WARN_UNDECLARED_SELECTOR = YES;
				GCC_WARN_UNINITIALIZED_AUTOS = YES_AGGRESSIVE;
				GCC_WARN_UNUSED_FUNCTION = YES;
				GCC_WARN_UNUSED_VARIABLE = YES;
				IPHONEOS_DEPLOYMENT_TARGET = 13.2;
				MTL_ENABLE_DEBUG_INFO = INCLUDE_SOURCE;
				MTL_FAST_MATH = YES;
				ONLY_ACTIVE_ARCH = YES;
				SDKROOT = iphoneos;
				SWIFT_ACTIVE_COMPILATION_CONDITIONS = DEBUG;
				SWIFT_OPTIMIZATION_LEVEL = "-Onone";
			};
			name = Debug;
		};
		3F4A0E4723A6A577004C2F26 /* Release */ = {
			isa = XCBuildConfiguration;
			buildSettings = {
				ALWAYS_SEARCH_USER_PATHS = NO;
				CLANG_ANALYZER_NONNULL = YES;
				CLANG_ANALYZER_NUMBER_OBJECT_CONVERSION = YES_AGGRESSIVE;
				CLANG_CXX_LANGUAGE_STANDARD = "gnu++14";
				CLANG_CXX_LIBRARY = "libc++";
				CLANG_ENABLE_MODULES = YES;
				CLANG_ENABLE_OBJC_ARC = YES;
				CLANG_ENABLE_OBJC_WEAK = YES;
				CLANG_WARN_BLOCK_CAPTURE_AUTORELEASING = YES;
				CLANG_WARN_BOOL_CONVERSION = YES;
				CLANG_WARN_COMMA = YES;
				CLANG_WARN_CONSTANT_CONVERSION = YES;
				CLANG_WARN_DEPRECATED_OBJC_IMPLEMENTATIONS = YES;
				CLANG_WARN_DIRECT_OBJC_ISA_USAGE = YES_ERROR;
				CLANG_WARN_DOCUMENTATION_COMMENTS = YES;
				CLANG_WARN_EMPTY_BODY = YES;
				CLANG_WARN_ENUM_CONVERSION = YES;
				CLANG_WARN_INFINITE_RECURSION = YES;
				CLANG_WARN_INT_CONVERSION = YES;
				CLANG_WARN_NON_LITERAL_NULL_CONVERSION = YES;
				CLANG_WARN_OBJC_IMPLICIT_RETAIN_SELF = YES;
				CLANG_WARN_OBJC_LITERAL_CONVERSION = YES;
				CLANG_WARN_OBJC_ROOT_CLASS = YES_ERROR;
				CLANG_WARN_RANGE_LOOP_ANALYSIS = YES;
				CLANG_WARN_STRICT_PROTOTYPES = YES;
				CLANG_WARN_SUSPICIOUS_MOVE = YES;
				CLANG_WARN_UNGUARDED_AVAILABILITY = YES_AGGRESSIVE;
				CLANG_WARN_UNREACHABLE_CODE = YES;
				CLANG_WARN__DUPLICATE_METHOD_MATCH = YES;
				COPY_PHASE_STRIP = NO;
				DEBUG_INFORMATION_FORMAT = "dwarf-with-dsym";
				ENABLE_NS_ASSERTIONS = NO;
				ENABLE_STRICT_OBJC_MSGSEND = YES;
				GCC_C_LANGUAGE_STANDARD = gnu11;
				GCC_NO_COMMON_BLOCKS = YES;
				GCC_WARN_64_TO_32_BIT_CONVERSION = YES;
				GCC_WARN_ABOUT_RETURN_TYPE = YES_ERROR;
				GCC_WARN_UNDECLARED_SELECTOR = YES;
				GCC_WARN_UNINITIALIZED_AUTOS = YES_AGGRESSIVE;
				GCC_WARN_UNUSED_FUNCTION = YES;
				GCC_WARN_UNUSED_VARIABLE = YES;
				IPHONEOS_DEPLOYMENT_TARGET = 13.2;
				MTL_ENABLE_DEBUG_INFO = NO;
				MTL_FAST_MATH = YES;
				SDKROOT = iphoneos;
				SWIFT_COMPILATION_MODE = wholemodule;
				SWIFT_OPTIMIZATION_LEVEL = "-O";
				VALIDATE_PRODUCT = YES;
			};
			name = Release;
		};
		3F4A0E4923A6A577004C2F26 /* Debug */ = {
			isa = XCBuildConfiguration;
			buildSettings = {
				ASSETCATALOG_COMPILER_APPICON_NAME = AppIcon;
				CODE_SIGN_STYLE = Automatic;
				DEVELOPMENT_TEAM = 34WZ4UHL35;
				INFOPLIST_FILE = CollectionView/Info.plist;
				LD_RUNPATH_SEARCH_PATHS = (
					"$(inherited)",
					"@executable_path/Frameworks",
				);
				PRODUCT_BUNDLE_IDENTIFIER = C.NASIR.CollectionView;
				PRODUCT_NAME = Parks;
				SWIFT_VERSION = 5.0;
				TARGETED_DEVICE_FAMILY = "1,2";
			};
			name = Debug;
		};
		3F4A0E4A23A6A577004C2F26 /* Release */ = {
			isa = XCBuildConfiguration;
			buildSettings = {
				ASSETCATALOG_COMPILER_APPICON_NAME = AppIcon;
				CODE_SIGN_STYLE = Automatic;
				DEVELOPMENT_TEAM = 34WZ4UHL35;
				INFOPLIST_FILE = CollectionView/Info.plist;
				LD_RUNPATH_SEARCH_PATHS = (
					"$(inherited)",
					"@executable_path/Frameworks",
				);
				PRODUCT_BUNDLE_IDENTIFIER = C.NASIR.CollectionView;
				PRODUCT_NAME = Parks;
				SWIFT_VERSION = 5.0;
				TARGETED_DEVICE_FAMILY = "1,2";
			};
			name = Release;
		};
/* End XCBuildConfiguration section */

/* Begin XCConfigurationList section */
		3F4A0E2C23A6A575004C2F26 /* Build configuration list for PBXProject "CollectionView" */ = {
			isa = XCConfigurationList;
			buildConfigurations = (
				3F4A0E4623A6A577004C2F26 /* Debug */,
				3F4A0E4723A6A577004C2F26 /* Release */,
			);
			defaultConfigurationIsVisible = 0;
			defaultConfigurationName = Release;
		};
		3F4A0E4823A6A577004C2F26 /* Build configuration list for PBXNativeTarget "CollectionView" */ = {
			isa = XCConfigurationList;
			buildConfigurations = (
				3F4A0E4923A6A577004C2F26 /* Debug */,
				3F4A0E4A23A6A577004C2F26 /* Release */,
			);
			defaultConfigurationIsVisible = 0;
			defaultConfigurationName = Release;
		};
/* End XCConfigurationList section */

/* Begin XCVersionGroup section */
		3F4A0E3D23A6A575004C2F26 /* CollectionView.xcdatamodeld */ = {
			isa = XCVersionGroup;
			children = (
				3F4A0E3E23A6A575004C2F26 /* CollectionView.xcdatamodel */,
			);
			currentVersion = 3F4A0E3E23A6A575004C2F26 /* CollectionView.xcdatamodel */;
			path = CollectionView.xcdatamodeld;
			sourceTree = "<group>";
			versionGroupType = wrapper.xcdatamodel;
		};
/* End XCVersionGroup section */
	};
	rootObject = 3F4A0E2923A6A575004C2F26 /* Project object */;
}
